PODS:
  - Alamofire (5.9.1)
  - BetterSegmentedControl (2.0.1)
  - CountryPickerView (3.3.0)
  - DropDown (2.3.13)
  - IQKeyboardManagerSwift (7.0.3)
  - SDWebImage (5.19.2):
    - SDWebImage/Core (= 5.19.2)
  - SDWebImage/Core (5.19.2)
  - SwifterSwift (6.2.0):
    - SwifterSwift/AppKit (= 6.2.0)
    - SwifterSwift/Combine (= 6.2.0)
    - SwifterSwift/CoreAnimation (= 6.2.0)
    - SwifterSwift/CoreGraphics (= 6.2.0)
    - SwifterSwift/CoreLocation (= 6.2.0)
    - SwifterSwift/CryptoKit (= 6.2.0)
    - SwifterSwift/Dispatch (= 6.2.0)
    - SwifterSwift/Foundation (= 6.2.0)
    - SwifterSwift/HealthKit (= 6.2.0)
    - SwifterSwift/MapKit (= 6.2.0)
    - SwifterSwift/SceneKit (= 6.2.0)
    - SwifterSwift/SpriteKit (= 6.2.0)
    - SwifterSwift/StoreKit (= 6.2.0)
    - SwifterSwift/SwiftStdlib (= 6.2.0)
    - SwifterSwift/UIKit (= 6.2.0)
    - SwifterSwift/WebKit (= 6.2.0)
  - SwifterSwift/AppKit (6.2.0)
  - SwifterSwift/Combine (6.2.0)
  - SwifterSwift/CoreAnimation (6.2.0)
  - SwifterSwift/CoreGraphics (6.2.0)
  - SwifterSwift/CoreLocation (6.2.0)
  - SwifterSwift/CryptoKit (6.2.0)
  - SwifterSwift/Dispatch (6.2.0)
  - SwifterSwift/Foundation (6.2.0)
  - SwifterSwift/HealthKit (6.2.0)
  - SwifterSwift/MapKit (6.2.0)
  - SwifterSwift/SceneKit (6.2.0)
  - SwifterSwift/SpriteKit (6.2.0)
  - SwifterSwift/StoreKit (6.2.0)
  - SwifterSwift/SwiftStdlib (6.2.0)
  - SwifterSwift/UIKit (6.2.0)
  - SwifterSwift/WebKit (6.2.0)

DEPENDENCIES:
  - Alamofire
  - BetterSegmentedControl
  - CountryPickerView
  - DropDown
  - IQKeyboardManagerSwift
  - SDWebImage
  - SwifterSwift

SPEC REPOS:
  trunk:
    - Alamofire
    - BetterSegmentedControl
    - CountryPickerView
    - DropDown
    - IQKeyboardManagerSwift
    - SDWebImage
    - SwifterSwift

SPEC CHECKSUMS:
  Alamofire: f36a35757af4587d8e4f4bfa223ad10be2422b8c
  BetterSegmentedControl: 09607b27861d49cbce48b7673b74f9150a3d371a
  CountryPickerView: 6322ada32a80b0cd721b0267282a5c24f406f263
  DropDown: 8a2116376c1981888557f72ec2ffc9a5e0e456ec
  IQKeyboardManagerSwift: f9c5dc36cba16ddd2e51fa7d51c34a2e083029b5
  SDWebImage: dfe95b2466a9823cf9f0c6d01217c06550d7b29a
  SwifterSwift: dd00873fb09cde19da88bdb2878f9fe70fe27b0f

PODFILE CHECKSUM: 9960237ff59f7679617a6bb7da782038283b2e3e

COCOAPODS: 1.15.2
